
Microsoft Visual Studio Solution File, Format Version 12.00
Project("{FAE04EC0-301F-11D3-BF4B-00C04F79EFBC}") = "Reporter", "Reporter\Reporter.csproj", "{AFFE78AE-57BD-4CF4-878E-C005D78CEDE8}"
EndProject
Global
	GlobalSection(SolutionConfigurationPlatforms) = preSolution
		Debug|Any CPU = Debug|Any CPU
		Release|Any CPU = Release|Any CPU
	EndGlobalSection
	GlobalSection(ProjectConfigurationPlatforms) = postSolution
		{AFFE78AE-57BD-4CF4-878E-C005D78CEDE8}.Debug|Any CPU.ActiveCfg = Debug|Any CPU
		{AFFE78AE-57BD-4CF4-878E-C005D78CEDE8}.Debug|Any CPU.Build.0 = Debug|Any CPU
		{AFFE78AE-57BD-4CF4-878E-C005D78CEDE8}.Release|Any CPU.ActiveCfg = Release|Any CPU
		{AFFE78AE-57BD-4CF4-878E-C005D78CEDE8}.Release|Any CPU.Build.0 = Release|Any CPU
	EndGlobalSection
EndGlobal
